
Microsoft Visual Studio Solution File, Format Version 12.00
# Visual Studio Version 17
VisualStudioVersion = 17.2.32505.173
MinimumVisualStudioVersion = 10.0.40219.1
Project("{8BC9CEB8-8B4A-11D0-8D11-00A0C91BC942}") = "5 laba", "5 laba\5 laba.vcxproj", "{85EA3906-FE1A-4C5F-A6B3-D9F090775DD4}"
EndProject
Global
	GlobalSection(SolutionConfigurationPlatforms) = preSolution
		Debug|x64 = Debug|x64
		Debug|x86 = Debug|x86
		Release|x64 = Release|x64
		Release|x86 = Release|x86
	EndGlobalSection
	GlobalSection(ProjectConfigurationPlatforms) = postSolution
		{85EA3906-FE1A-4C5F-A6B3-D9F090775DD4}.Debug|x64.ActiveCfg = Debug|x64
		{85EA3906-FE1A-4C5F-A6B3-D9F090775DD4}.Debug|x64.Build.0 = Debug|x64
		{85EA3906-FE1A-4C5F-A6B3-D9F090775DD4}.Debug|x86.ActiveCfg = Debug|Win32
		{85EA3906-FE1A-4C5F-A6B3-D9F090775DD4}.Debug|x86.Build.0 = Debug|Win32
		{85EA3906-FE1A-4C5F-A6B3-D9F090775DD4}.Release|x64.ActiveCfg = Release|x64
		{85EA3906-FE1A-4C5F-A6B3-D9F090775DD4}.Release|x64.Build.0 = Release|x64
		{85EA3906-FE1A-4C5F-A6B3-D9F090775DD4}.Release|x86.ActiveCfg = Release|Win32
		{85EA3906-FE1A-4C5F-A6B3-D9F090775DD4}.Release|x86.Build.0 = Release|Win32
	EndGlobalSection
	GlobalSection(SolutionProperties) = preSolution
		HideSolutionNode = FALSE
	EndGlobalSection
	GlobalSection(ExtensibilityGlobals) = postSolution
		SolutionGuid = {FAE7D45F-AA57-435A-9F3B-4528E46B2872}
	EndGlobalSection
EndGlobal
